Microsoft Visual Studio Solution File, Format Version 12.00
# Visual Studio Version 17
VisualStudioVersion = 17.5.2.0
MinimumVisualStudioVersion = 10.0.40219.1
Project("{FAE04EC0-301F-11D3-BF4B-00C04F79EFBC}") = "artisancafe", "artisancafe.csproj", "{11265EC4-7E3D-E54C-6994-3748991E2C48}"
EndProject
Global
	GlobalSection(SolutionConfigurationPlatforms) = preSolution
		Debug|Any CPU = Debug|Any CPU
		Release|Any CPU = Release|Any CPU
	EndGlobalSection
	GlobalSection(ProjectConfigurationPlatforms) = postSolution
		{11265EC4-7E3D-E54C-6994-3748991E2C48}.Debug|Any CPU.ActiveCfg = Debug|Any CPU
		{11265EC4-7E3D-E54C-6994-3748991E2C48}.Debug|Any CPU.Build.0 = Debug|Any CPU
		{11265EC4-7E3D-E54C-6994-3748991E2C48}.Release|Any CPU.ActiveCfg = Release|Any CPU
		{11265EC4-7E3D-E54C-6994-3748991E2C48}.Release|Any CPU.Build.0 = Release|Any CPU
	EndGlobalSection
	GlobalSection(SolutionProperties) = preSolution
		HideSolutionNode = FALSE
	EndGlobalSection
	GlobalSection(ExtensibilityGlobals) = postSolution
		SolutionGuid = {2985AE79-E204-4AEC-A7EB-14013DBADD7A}
	EndGlobalSection
EndGlobal
